Microsoft Visual Studio Solution File, Format Version 12.00
# Visual Studio 14
VisualStudioVersion = 14.0.25420.1
MinimumVisualStudioVersion = 10.0.40219.1
Project("{FAE04EC0-301F-11D3-BF4B-00C04F79EFBC}") = "ILMerge", "ILMerge\ILMerge.csproj", "{84B41834-EFDE-4E52-A8CE-B51DFCB1D1B2}"
EndProject
Project("{FAE04EC0-301F-11D3-BF4B-00C04F79EFBC}") = "System.Compiler", "System.Compiler\System.Compiler.csproj", "{D7E16B38-3893-4EEF-847F-A3BE807E9546}"
EndProject
Global
	GlobalSection(SolutionConfigurationPlatforms) = preSolution
		Debug|Any CPU = Debug|Any CPU
	EndGlobalSection
	GlobalSection(ProjectConfigurationPlatforms) = postSolution
		{84B41834-EFDE-4E52-A8CE-B51DFCB1D1B2}.Debug|Any CPU.ActiveCfg = Debug|Any CPU
		{84B41834-EFDE-4E52-A8CE-B51DFCB1D1B2}.Debug|Any CPU.Build.0 = Debug|Any CPU
		{D7E16B38-3893-4EEF-847F-A3BE807E9546}.Debug|Any CPU.ActiveCfg = Debug|Any CPU
		{D7E16B38-3893-4EEF-847F-A3BE807E9546}.Debug|Any CPU.Build.0 = Debug|Any CPU
	EndGlobalSection
	GlobalSection(SolutionProperties) = preSolution
		HideSolutionNode = FALSE
	EndGlobalSection
EndGlobal
